
Microsoft Visual Studio Solution File, Format Version 12.00
# Visual Studio Version 16
VisualStudioVersion = 16.0.29201.188
MinimumVisualStudioVersion = 10.0.40219.1
Project("{FAE04EC0-301F-11D3-BF4B-00C04F79EFBC}") = "GigHub", "GigHub\GigHub.csproj", "{F4127B61-24B3-4799-B6D9-6BB20EDB4519}"
EndProject
Global
	GlobalSection(SolutionConfigurationPlatforms) = preSolution
		Debug|Any CPU = Debug|Any CPU
		Release|Any CPU = Release|Any CPU
	EndGlobalSection
	GlobalSection(ProjectConfigurationPlatforms) = postSolution
		{F4127B61-24B3-4799-B6D9-6BB20EDB4519}.Debug|Any CPU.ActiveCfg = Debug|Any CPU
		{F4127B61-24B3-4799-B6D9-6BB20EDB4519}.Debug|Any CPU.Build.0 = Debug|Any CPU
		{F4127B61-24B3-4799-B6D9-6BB20EDB4519}.Release|Any CPU.ActiveCfg = Release|Any CPU
		{F4127B61-24B3-4799-B6D9-6BB20EDB4519}.Release|Any CPU.Build.0 = Release|Any CPU
	EndGlobalSection
	GlobalSection(SolutionProperties) = preSolution
		HideSolutionNode = FALSE
	EndGlobalSection
	GlobalSection(ExtensibilityGlobals) = postSolution
		SolutionGuid = {566D429E-AD19-4B69-BD34-2F72A195FDAB}
	EndGlobalSection
EndGlobal
